
Microsoft Visual Studio Solution File, Format Version 12.00
# Visual Studio Version 17
VisualStudioVersion = 17.3.32929.385
MinimumVisualStudioVersion = 10.0.40219.1
Project("{FAE04EC0-301F-11D3-BF4B-00C04F79EFBC}") = "20.101_Zibereva_V3", "20.101_Zibereva_V3\20.101_Zibereva_V3.csproj", "{1DF5D016-2700-4EFF-A01E-39CA967E3DB1}"
EndProject
Global
	GlobalSection(SolutionConfigurationPlatforms) = preSolution
		Debug|Any CPU = Debug|Any CPU
		Release|Any CPU = Release|Any CPU
	EndGlobalSection
	GlobalSection(ProjectConfigurationPlatforms) = postSolution
		{1DF5D016-2700-4EFF-A01E-39CA967E3DB1}.Debug|Any CPU.ActiveCfg = Debug|Any CPU
		{1DF5D016-2700-4EFF-A01E-39CA967E3DB1}.Debug|Any CPU.Build.0 = Debug|Any CPU
		{1DF5D016-2700-4EFF-A01E-39CA967E3DB1}.Release|Any CPU.ActiveCfg = Release|Any CPU
		{1DF5D016-2700-4EFF-A01E-39CA967E3DB1}.Release|Any CPU.Build.0 = Release|Any CPU
	EndGlobalSection
	GlobalSection(SolutionProperties) = preSolution
		HideSolutionNode = FALSE
	EndGlobalSection
	GlobalSection(ExtensibilityGlobals) = postSolution
		SolutionGuid = {702F8839-9B7E-4712-999F-0A95BD101CF6}
	EndGlobalSection
EndGlobal
